
Microsoft Visual Studio Solution File, Format Version 12.00
# Visual Studio Version 17
VisualStudioVersion = 17.5.002.0
MinimumVisualStudioVersion = 10.0.40219.1
Project("{9A19103F-16F7-4668-BE54-9A1E7A4F7556}") = "product-service", "product-service\product-service.csproj", "{308861CD-6B57-4A7C-BE3C-88ABF4FA8AE1}"
EndProject
Project("{9A19103F-16F7-4668-BE54-9A1E7A4F7556}") = "order-service", "order-service\order-service.csproj", "{F02DD295-1726-4D58-B1ED-22098106C6E0}"
EndProject
Global
	GlobalSection(SolutionConfigurationPlatforms) = preSolution
		Debug|Any CPU = Debug|Any CPU
		Release|Any CPU = Release|Any CPU
	EndGlobalSection
	GlobalSection(ProjectConfigurationPlatforms) = postSolution
		{308861CD-6B57-4A7C-BE3C-88ABF4FA8AE1}.Debug|Any CPU.ActiveCfg = Debug|Any CPU
		{308861CD-6B57-4A7C-BE3C-88ABF4FA8AE1}.Debug|Any CPU.Build.0 = Debug|Any CPU
		{308861CD-6B57-4A7C-BE3C-88ABF4FA8AE1}.Release|Any CPU.ActiveCfg = Release|Any CPU
		{308861CD-6B57-4A7C-BE3C-88ABF4FA8AE1}.Release|Any CPU.Build.0 = Release|Any CPU
		{F02DD295-1726-4D58-B1ED-22098106C6E0}.Debug|Any CPU.ActiveCfg = Debug|Any CPU
		{F02DD295-1726-4D58-B1ED-22098106C6E0}.Debug|Any CPU.Build.0 = Debug|Any CPU
		{F02DD295-1726-4D58-B1ED-22098106C6E0}.Release|Any CPU.ActiveCfg = Release|Any CPU
		{F02DD295-1726-4D58-B1ED-22098106C6E0}.Release|Any CPU.Build.0 = Release|Any CPU
	EndGlobalSection
	GlobalSection(SolutionProperties) = preSolution
		HideSolutionNode = FALSE
	EndGlobalSection
	GlobalSection(ExtensibilityGlobals) = postSolution
		SolutionGuid = {C7E8677D-1861-4FCA-8639-E10A7304BEA4}
	EndGlobalSection
EndGlobal
